
Microsoft Visual Studio Solution File, Format Version 12.00
# Visual Studio Version 16
VisualStudioVersion = 16.0.31321.278
MinimumVisualStudioVersion = 10.0.40219.1
Project("{2150E333-8FDC-42A3-9474-1A3956D46DE8}") = "Services", "Services", "{F2386C5F-731F-4991-9F08-FA5EA232A711}"
EndProject
Project("{2150E333-8FDC-42A3-9474-1A3956D46DE8}") = "WebApps", "WebApps", "{DC08BCF5-62FD-49AA-BCE2-118A254FB9CC}"
EndProject
Project("{2150E333-8FDC-42A3-9474-1A3956D46DE8}") = "Cadastros", "Cadastros", "{B2B488B5-184D-4DCD-B9BC-BAB7E05D8FDB}"
EndProject
Project("{2150E333-8FDC-42A3-9474-1A3956D46DE8}") = "Catalogo", "Catalogo", "{E0297084-F729-4F91-9711-4FE0666A2F42}"
EndProject
Project("{2150E333-8FDC-42A3-9474-1A3956D46DE8}") = "Core", "Core", "{B2FF4225-7700-438F-8360-D5F5AF28F201}"
EndProject
Project("{2150E333-8FDC-42A3-9474-1A3956D46DE8}") = "Fiscal", "Fiscal", "{541BAFFB-5306-470E-8519-6C9F134786FE}"
EndProject
Project("{2150E333-8FDC-42A3-9474-1A3956D46DE8}") = "Pagamentos", "Pagamentos", "{E57D01C1-D8DD-4BFE-9CC8-F5D63E4F4C80}"
EndProject
Project("{2150E333-8FDC-42A3-9474-1A3956D46DE8}") = "Vendas", "Vendas", "{E818A1BE-5F00-4CD8-8522-2D4DEAF98174}"
EndProject
Project("{9A19103F-16F7-4668-BE54-9A1E7A4F7556}") = "NerdStore.Catalogo.Domain", "src\NerdStore.Catalogo.Domain\NerdStore.Catalogo.Domain.csproj", "{1BF50AE8-1432-4AD3-BF35-AD934459BC4C}"
EndProject
Project("{9A19103F-16F7-4668-BE54-9A1E7A4F7556}") = "NerdStore.Core", "src\NerdStore.Core\NerdStore.Core.csproj", "{7D309FC6-AA67-432F-BCAF-25DBA2C9463E}"
EndProject
Project("{2150E333-8FDC-42A3-9474-1A3956D46DE8}") = "Tests", "Tests", "{468B5D4E-6135-44A8-BB4A-C15F8B7E205A}"
EndProject
Project("{9A19103F-16F7-4668-BE54-9A1E7A4F7556}") = "NerdStore.Catalogo.Domain.Tests", "tests\NerdStore.Catalogo.Domain.Tests\NerdStore.Catalogo.Domain.Tests.csproj", "{0EE56F57-D840-4B5E-B71E-96ECA046F220}"
EndProject
Project("{9A19103F-16F7-4668-BE54-9A1E7A4F7556}") = "NerdStore.Catalogo.Data", "src\NerdStore.Catalogo.Data\NerdStore.Catalogo.Data.csproj", "{35B500DE-5728-4007-BFE8-BBFA60FEEB40}"
EndProject
Project("{9A19103F-16F7-4668-BE54-9A1E7A4F7556}") = "NerdStore.Catalogo.Application", "src\NerdStore.Catalogo.Application\NerdStore.Catalogo.Application.csproj", "{0804862D-215D-4BBE-B12C-59508BAC6B3C}"
EndProject
Project("{9A19103F-16F7-4668-BE54-9A1E7A4F7556}") = "NerdStore.WebApp.MVC", "src\NerdStore.WebApp.MVC\NerdStore.WebApp.MVC.csproj", "{193A42CA-AB70-4228-9950-A0E485BC5461}"
EndProject
Project("{9A19103F-16F7-4668-BE54-9A1E7A4F7556}") = "NerdStore.Vendas.Domain", "src\NerdStore.Vendas.Domain\NerdStore.Vendas.Domain.csproj", "{3026B51B-BD86-4DBA-B9CC-ABBD6EA5FD5C}"
EndProject
Project("{9A19103F-16F7-4668-BE54-9A1E7A4F7556}") = "NerdStore.Vendas.Application", "src\NerdStore.Vendas.Application\NerdStore.Vendas.Application.csproj", "{BCB7761E-BF92-4475-A0AA-08B99EE28038}"
EndProject
Project("{9A19103F-16F7-4668-BE54-9A1E7A4F7556}") = "NerdStore.Vendas.Data", "src\NerdStore.Vendas.Data\NerdStore.Vendas.Data.csproj", "{9774C30D-4754-46B4-9284-08BC0BC0D1B8}"
EndProject
Project("{FAE04EC0-301F-11D3-BF4B-00C04F79EFBC}") = "NerdStore.Pagamentos.AntiCorruption", "src\NerdStore.Pagamentos.AntiCorruption\NerdStore.Pagamentos.AntiCorruption.csproj", "{47E207A7-E62A-4DE4-A0B4-1937C88A1CF3}"
EndProject
Project("{FAE04EC0-301F-11D3-BF4B-00C04F79EFBC}") = "NerdStore.Pagamentos.Business", "src\NerdStore.Pagamentos.Business\NerdStore.Pagamentos.Business.csproj", "{1CE1F45D-F955-47D8-8285-E4A34DBAB502}"
EndProject
Project("{FAE04EC0-301F-11D3-BF4B-00C04F79EFBC}") = "NerdStore.Pagamentos.Data", "src\NerdStore.Pagamentos.Data\NerdStore.Pagamentos.Data.csproj", "{68596B05-98B1-4358-9E4E-40076B98B7CA}"
EndProject
Global
	GlobalSection(SolutionConfigurationPlatforms) = preSolution
		Debug|Any CPU = Debug|Any CPU
		Release|Any CPU = Release|Any CPU
	EndGlobalSection
	GlobalSection(ProjectConfigurationPlatforms) = postSolution
		{1BF50AE8-1432-4AD3-BF35-AD934459BC4C}.Debug|Any CPU.ActiveCfg = Debug|Any CPU
		{1BF50AE8-1432-4AD3-BF35-AD934459BC4C}.Debug|Any CPU.Build.0 = Debug|Any CPU
		{1BF50AE8-1432-4AD3-BF35-AD934459BC4C}.Release|Any CPU.ActiveCfg = Release|Any CPU
		{1BF50AE8-1432-4AD3-BF35-AD934459BC4C}.Release|Any CPU.Build.0 = Release|Any CPU
		{7D309FC6-AA67-432F-BCAF-25DBA2C9463E}.Debug|Any CPU.ActiveCfg = Debug|Any CPU
		{7D309FC6-AA67-432F-BCAF-25DBA2C9463E}.Debug|Any CPU.Build.0 = Debug|Any CPU
		{7D309FC6-AA67-432F-BCAF-25DBA2C9463E}.Release|Any CPU.ActiveCfg = Release|Any CPU
		{7D309FC6-AA67-432F-BCAF-25DBA2C9463E}.Release|Any CPU.Build.0 = Release|Any CPU
		{0EE56F57-D840-4B5E-B71E-96ECA046F220}.Debug|Any CPU.ActiveCfg = Debug|Any CPU
		{0EE56F57-D840-4B5E-B71E-96ECA046F220}.Debug|Any CPU.Build.0 = Debug|Any CPU
		{0EE56F57-D840-4B5E-B71E-96ECA046F220}.Release|Any CPU.ActiveCfg = Release|Any CPU
		{0EE56F57-D840-4B5E-B71E-96ECA046F220}.Release|Any CPU.Build.0 = Release|Any CPU
		{35B500DE-5728-4007-BFE8-BBFA60FEEB40}.Debug|Any CPU.ActiveCfg = Debug|Any CPU
		{35B500DE-5728-4007-BFE8-BBFA60FEEB40}.Debug|Any CPU.Build.0 = Debug|Any CPU
		{35B500DE-5728-4007-BFE8-BBFA60FEEB40}.Release|Any CPU.ActiveCfg = Release|Any CPU
		{35B500DE-5728-4007-BFE8-BBFA60FEEB40}.Release|Any CPU.Build.0 = Release|Any CPU
		{0804862D-215D-4BBE-B12C-59508BAC6B3C}.Debug|Any CPU.ActiveCfg = Debug|Any CPU
		{0804862D-215D-4BBE-B12C-59508BAC6B3C}.Debug|Any CPU.Build.0 = Debug|Any CPU
		{0804862D-215D-4BBE-B12C-59508BAC6B3C}.Release|Any CPU.ActiveCfg = Release|Any CPU
		{0804862D-215D-4BBE-B12C-59508BAC6B3C}.Release|Any CPU.Build.0 = Release|Any CPU
		{193A42CA-AB70-4228-9950-A0E485BC5461}.Debug|Any CPU.ActiveCfg = Debug|Any CPU
		{193A42CA-AB70-4228-9950-A0E485BC5461}.Debug|Any CPU.Build.0 = Debug|Any CPU
		{193A42CA-AB70-4228-9950-A0E485BC5461}.Release|Any CPU.ActiveCfg = Release|Any CPU
		{193A42CA-AB70-4228-9950-A0E485BC5461}.Release|Any CPU.Build.0 = Release|Any CPU
		{3026B51B-BD86-4DBA-B9CC-ABBD6EA5FD5C}.Debug|Any CPU.ActiveCfg = Debug|Any CPU
		{3026B51B-BD86-4DBA-B9CC-ABBD6EA5FD5C}.Debug|Any CPU.Build.0 = Debug|Any CPU
		{3026B51B-BD86-4DBA-B9CC-ABBD6EA5FD5C}.Release|Any CPU.ActiveCfg = Release|Any CPU
		{3026B51B-BD86-4DBA-B9CC-ABBD6EA5FD5C}.Release|Any CPU.Build.0 = Release|Any CPU
		{BCB7761E-BF92-4475-A0AA-08B99EE28038}.Debug|Any CPU.ActiveCfg = Debug|Any CPU
		{BCB7761E-BF92-4475-A0AA-08B99EE28038}.Debug|Any CPU.Build.0 = Debug|Any CPU
		{BCB7761E-BF92-4475-A0AA-08B99EE28038}.Release|Any CPU.ActiveCfg = Release|Any CPU
		{BCB7761E-BF92-4475-A0AA-08B99EE28038}.Release|Any CPU.Build.0 = Release|Any CPU
		{9774C30D-4754-46B4-9284-08BC0BC0D1B8}.Debug|Any CPU.ActiveCfg = Debug|Any CPU
		{9774C30D-4754-46B4-9284-08BC0BC0D1B8}.Debug|Any CPU.Build.0 = Debug|Any CPU
		{9774C30D-4754-46B4-9284-08BC0BC0D1B8}.Release|Any CPU.ActiveCfg = Release|Any CPU
		{9774C30D-4754-46B4-9284-08BC0BC0D1B8}.Release|Any CPU.Build.0 = Release|Any CPU
		{47E207A7-E62A-4DE4-A0B4-1937C88A1CF3}.Debug|Any CPU.ActiveCfg = Debug|Any CPU
		{47E207A7-E62A-4DE4-A0B4-1937C88A1CF3}.Debug|Any CPU.Build.0 = Debug|Any CPU
		{47E207A7-E62A-4DE4-A0B4-1937C88A1CF3}.Release|Any CPU.ActiveCfg = Release|Any CPU
		{47E207A7-E62A-4DE4-A0B4-1937C88A1CF3}.Release|Any CPU.Build.0 = Release|Any CPU
		{1CE1F45D-F955-47D8-8285-E4A34DBAB502}.Debug|Any CPU.ActiveCfg = Debug|Any CPU
		{1CE1F45D-F955-47D8-8285-E4A34DBAB502}.Debug|Any CPU.Build.0 = Debug|Any CPU
		{1CE1F45D-F955-47D8-8285-E4A34DBAB502}.Release|Any CPU.ActiveCfg = Release|Any CPU
		{1CE1F45D-F955-47D8-8285-E4A34DBAB502}.Release|Any CPU.Build.0 = Release|Any CPU
		{68596B05-98B1-4358-9E4E-40076B98B7CA}.Debug|Any CPU.ActiveCfg = Debug|Any CPU
		{68596B05-98B1-4358-9E4E-40076B98B7CA}.Debug|Any CPU.Build.0 = Debug|Any CPU
		{68596B05-98B1-4358-9E4E-40076B98B7CA}.Release|Any CPU.ActiveCfg = Release|Any CPU
		{68596B05-98B1-4358-9E4E-40076B98B7CA}.Release|Any CPU.Build.0 = Release|Any CPU
	EndGlobalSection
	GlobalSection(SolutionProperties) = preSolution
		HideSolutionNode = FALSE
	EndGlobalSection
	GlobalSection(NestedProjects) = preSolution
		{B2B488B5-184D-4DCD-B9BC-BAB7E05D8FDB} = {F2386C5F-731F-4991-9F08-FA5EA232A711}
		{E0297084-F729-4F91-9711-4FE0666A2F42} = {F2386C5F-731F-4991-9F08-FA5EA232A711}
		{B2FF4225-7700-438F-8360-D5F5AF28F201} = {F2386C5F-731F-4991-9F08-FA5EA232A711}
		{541BAFFB-5306-470E-8519-6C9F134786FE} = {F2386C5F-731F-4991-9F08-FA5EA232A711}
		{E57D01C1-D8DD-4BFE-9CC8-F5D63E4F4C80} = {F2386C5F-731F-4991-9F08-FA5EA232A711}
		{E818A1BE-5F00-4CD8-8522-2D4DEAF98174} = {F2386C5F-731F-4991-9F08-FA5EA232A711}
		{1BF50AE8-1432-4AD3-BF35-AD934459BC4C} = {E0297084-F729-4F91-9711-4FE0666A2F42}
		{7D309FC6-AA67-432F-BCAF-25DBA2C9463E} = {B2FF4225-7700-438F-8360-D5F5AF28F201}
		{468B5D4E-6135-44A8-BB4A-C15F8B7E205A} = {E0297084-F729-4F91-9711-4FE0666A2F42}
		{0EE56F57-D840-4B5E-B71E-96ECA046F220} = {468B5D4E-6135-44A8-BB4A-C15F8B7E205A}
		{35B500DE-5728-4007-BFE8-BBFA60FEEB40} = {E0297084-F729-4F91-9711-4FE0666A2F42}
		{0804862D-215D-4BBE-B12C-59508BAC6B3C} = {E0297084-F729-4F91-9711-4FE0666A2F42}
		{193A42CA-AB70-4228-9950-A0E485BC5461} = {DC08BCF5-62FD-49AA-BCE2-118A254FB9CC}
		{3026B51B-BD86-4DBA-B9CC-ABBD6EA5FD5C} = {E818A1BE-5F00-4CD8-8522-2D4DEAF98174}
		{BCB7761E-BF92-4475-A0AA-08B99EE28038} = {E818A1BE-5F00-4CD8-8522-2D4DEAF98174}
		{9774C30D-4754-46B4-9284-08BC0BC0D1B8} = {E818A1BE-5F00-4CD8-8522-2D4DEAF98174}
		{47E207A7-E62A-4DE4-A0B4-1937C88A1CF3} = {E57D01C1-D8DD-4BFE-9CC8-F5D63E4F4C80}
		{1CE1F45D-F955-47D8-8285-E4A34DBAB502} = {E57D01C1-D8DD-4BFE-9CC8-F5D63E4F4C80}
		{68596B05-98B1-4358-9E4E-40076B98B7CA} = {E57D01C1-D8DD-4BFE-9CC8-F5D63E4F4C80}
	EndGlobalSection
	GlobalSection(ExtensibilityGlobals) = postSolution
		SolutionGuid = {C46CB0EC-52F0-4C56-AD79-5D330032770E}
	EndGlobalSection
EndGlobal
